
Microsoft Visual Studio Solution File, Format Version 11.00
# Visual Studio 2010
Project("{FAE04EC0-301F-11D3-BF4B-00C04F79EFBC}") = "Assembly-CSharp", "Assembly-CSharp.csproj", "{F02378B3-A837-F98D-D764-76B1E96F4110}"
EndProject
Project("{FAE04EC0-301F-11D3-BF4B-00C04F79EFBC}") = "Assembly-CSharp-Editor", "Assembly-CSharp-Editor.csproj", "{A06C7BA7-1FCC-2089-59E5-D481414EC9EE}"
EndProject
Global
	GlobalSection(SolutionConfigurationPlatforms) = preSolution
		Debug|Any CPU = Debug|Any CPU
		Release|Any CPU = Release|Any CPU
	EndGlobalSection
	GlobalSection(ProjectConfigurationPlatforms) = postSolution
		{F02378B3-A837-F98D-D764-76B1E96F4110}.Debug|Any CPU.ActiveCfg = Debug|Any CPU
		{F02378B3-A837-F98D-D764-76B1E96F4110}.Debug|Any CPU.Build.0 = Debug|Any CPU
		{F02378B3-A837-F98D-D764-76B1E96F4110}.Release|Any CPU.ActiveCfg = Release|Any CPU
		{F02378B3-A837-F98D-D764-76B1E96F4110}.Release|Any CPU.Build.0 = Release|Any CPU
		{A06C7BA7-1FCC-2089-59E5-D481414EC9EE}.Debug|Any CPU.ActiveCfg = Debug|Any CPU
		{A06C7BA7-1FCC-2089-59E5-D481414EC9EE}.Debug|Any CPU.Build.0 = Debug|Any CPU
		{A06C7BA7-1FCC-2089-59E5-D481414EC9EE}.Release|Any CPU.ActiveCfg = Release|Any CPU
		{A06C7BA7-1FCC-2089-59E5-D481414EC9EE}.Release|Any CPU.Build.0 = Release|Any CPU
	EndGlobalSection
	GlobalSection(SolutionProperties) = preSolution
		HideSolutionNode = FALSE
	EndGlobalSection
EndGlobal
